
Microsoft Visual Studio Solution File, Format Version 12.00
# Visual Studio Version 17
VisualStudioVersion = 17.1.32407.343
MinimumVisualStudioVersion = 10.0.40219.1
Project("{FAE04EC0-301F-11D3-BF4B-00C04F79EFBC}") = "RecipeSiteAspNet", "RecipeSiteAspNet.csproj", "{A1334276-CE81-4C9C-814B-4241F2414AC8}"
EndProject
Global
	GlobalSection(SolutionConfigurationPlatforms) = preSolution
		Debug|Any CPU = Debug|Any CPU
		Release|Any CPU = Release|Any CPU
	EndGlobalSection
	GlobalSection(ProjectConfigurationPlatforms) = postSolution
		{A1334276-CE81-4C9C-814B-4241F2414AC8}.Debug|Any CPU.ActiveCfg = Debug|Any CPU
		{A1334276-CE81-4C9C-814B-4241F2414AC8}.Debug|Any CPU.Build.0 = Debug|Any CPU
		{A1334276-CE81-4C9C-814B-4241F2414AC8}.Release|Any CPU.ActiveCfg = Release|Any CPU
		{A1334276-CE81-4C9C-814B-4241F2414AC8}.Release|Any CPU.Build.0 = Release|Any CPU
	EndGlobalSection
	GlobalSection(SolutionProperties) = preSolution
		HideSolutionNode = FALSE
	EndGlobalSection
	GlobalSection(ExtensibilityGlobals) = postSolution
		SolutionGuid = {7B5AE1BD-1279-4C4D-891B-513E0E674512}
	EndGlobalSection
EndGlobal
